{
  "name": "hostelfood",
  "lockfileVersion": 3,
  "requires": true,
  "packages": {
    "": {
      "dependencies": {
        "hash": "^0.2.1"
      }
    },
    "node_modules/hash": {
      "version": "0.2.1",
      "resolved": "https://registry.npmjs.org/hash/-/hash-0.2.1.tgz",
      "integrity": "sha512-yUBu1BNORmIBcz6XsuSIs0mUCnYTb3rsgEWE87d7giQYUCxqtxiVRkokV9mXH3xBKVfPqML+21ruSOQinnTqtg==",
      "license": "MIT"
    }
  }
}
